<?xml version="1.0" encoding="utf-8"?>
<Project ToolsVersion="17.0" xmlns="http://schemas.microsoft.com/developer/msbuild/2003">
  <ItemGroup>
    <CustomBuild Include="C:\LLVM\learning\random_thoughts\CMakeFiles\b18e0831c988b870b42df0077a0fdb11\generate.stamp.rule">
      <Filter>CMake Rules</Filter>
    </CustomBuild>
  </ItemGroup>
  <ItemGroup>
    <Filter Include="CMake Rules">
      <UniqueIdentifier>{859F063D-CC0E-380D-A805-F8DE58BF5F64}</UniqueIdentifier>
    </Filter>
  </ItemGroup>
</Project>
